
Microsoft Visual Studio Solution File, Format Version 12.00
# Visual Studio Version 16
VisualStudioVersion = 16.0.810.21
MinimumVisualStudioVersion = 10.0.40219.1
Project("{FAE04EC0-301F-11D3-BF4B-00C04F79EFBC}") = "LogicaNegocio", "LogicaNegocio\LogicaNegocio.csproj", "{50DA8804-44F7-4E41-8876-EF97C20B598C}"
EndProject
Project("{FAE04EC0-301F-11D3-BF4B-00C04F79EFBC}") = "LogicaAplicacion", "Logicaaplicacion\Logicaaplicacion.csproj", "{1F6634A9-F828-4A83-AB12-DC706B7CD716}"
EndProject
Project("{FAE04EC0-301F-11D3-BF4B-00C04F79EFBC}") = "WebMVC", "WebMVC\WebMVC.csproj", "{506D7B58-4B81-493E-834F-4FEF057CAD52}"
EndProject
Project("{FAE04EC0-301F-11D3-BF4B-00C04F79EFBC}") = "LogicaAccesoDatos", "LogicaAccesoDatos\LogicaAccesoDatos.csproj", "{1A54DD0E-D8F0-474A-9A13-EA001F0FCDBF}"
EndProject
Global
	GlobalSection(SolutionConfigurationPlatforms) = preSolution
		Debug|Any CPU = Debug|Any CPU
		Release|Any CPU = Release|Any CPU
	EndGlobalSection
	GlobalSection(ProjectConfigurationPlatforms) = postSolution
		{50DA8804-44F7-4E41-8876-EF97C20B598C}.Debug|Any CPU.ActiveCfg = Debug|Any CPU
		{50DA8804-44F7-4E41-8876-EF97C20B598C}.Debug|Any CPU.Build.0 = Debug|Any CPU
		{50DA8804-44F7-4E41-8876-EF97C20B598C}.Release|Any CPU.ActiveCfg = Release|Any CPU
		{50DA8804-44F7-4E41-8876-EF97C20B598C}.Release|Any CPU.Build.0 = Release|Any CPU
		{1F6634A9-F828-4A83-AB12-DC706B7CD716}.Debug|Any CPU.ActiveCfg = Debug|Any CPU
		{1F6634A9-F828-4A83-AB12-DC706B7CD716}.Debug|Any CPU.Build.0 = Debug|Any CPU
		{1F6634A9-F828-4A83-AB12-DC706B7CD716}.Release|Any CPU.ActiveCfg = Release|Any CPU
		{1F6634A9-F828-4A83-AB12-DC706B7CD716}.Release|Any CPU.Build.0 = Release|Any CPU
		{506D7B58-4B81-493E-834F-4FEF057CAD52}.Debug|Any CPU.ActiveCfg = Debug|Any CPU
		{506D7B58-4B81-493E-834F-4FEF057CAD52}.Debug|Any CPU.Build.0 = Debug|Any CPU
		{506D7B58-4B81-493E-834F-4FEF057CAD52}.Release|Any CPU.ActiveCfg = Release|Any CPU
		{506D7B58-4B81-493E-834F-4FEF057CAD52}.Release|Any CPU.Build.0 = Release|Any CPU
		{1A54DD0E-D8F0-474A-9A13-EA001F0FCDBF}.Debug|Any CPU.ActiveCfg = Debug|Any CPU
		{1A54DD0E-D8F0-474A-9A13-EA001F0FCDBF}.Debug|Any CPU.Build.0 = Debug|Any CPU
		{1A54DD0E-D8F0-474A-9A13-EA001F0FCDBF}.Release|Any CPU.ActiveCfg = Release|Any CPU
		{1A54DD0E-D8F0-474A-9A13-EA001F0FCDBF}.Release|Any CPU.Build.0 = Release|Any CPU
	EndGlobalSection
	GlobalSection(SolutionProperties) = preSolution
		HideSolutionNode = FALSE
	EndGlobalSection
	GlobalSection(ExtensibilityGlobals) = postSolution
		SolutionGuid = {303513E7-4ADC-4D06-A32A-E65A2A679ED6}
	EndGlobalSection
EndGlobal
